
Microsoft Visual Studio Solution File, Format Version 12.00
# Visual Studio 2013
VisualStudioVersion = 12.0.30723.0
MinimumVisualStudioVersion = 10.0.40219.1
Project("{FAE04EC0-301F-11D3-BF4B-00C04F79EFBC}") = "snapshotForm", "snapshotForm\snapshotForm.csproj", "{F6771F25-8FA9-4772-8D93-DF9A5AD01F7E}"
EndProject
Global
	GlobalSection(SolutionConfigurationPlatforms) = preSolution
		Debug|Any CPU = Debug|Any CPU
		Release|Any CPU = Release|Any CPU
	EndGlobalSection
	GlobalSection(ProjectConfigurationPlatforms) = postSolution
		{F6771F25-8FA9-4772-8D93-DF9A5AD01F7E}.Debug|Any CPU.ActiveCfg = Debug|Any CPU
		{F6771F25-8FA9-4772-8D93-DF9A5AD01F7E}.Debug|Any CPU.Build.0 = Debug|Any CPU
		{F6771F25-8FA9-4772-8D93-DF9A5AD01F7E}.Release|Any CPU.ActiveCfg = Release|Any CPU
		{F6771F25-8FA9-4772-8D93-DF9A5AD01F7E}.Release|Any CPU.Build.0 = Release|Any CPU
	EndGlobalSection
	GlobalSection(SolutionProperties) = preSolution
		HideSolutionNode = FALSE
	EndGlobalSection
EndGlobal
