
Microsoft Visual Studio Solution File, Format Version 12.00
# Visual Studio 2013
VisualStudioVersion = 12.0.30723.0
MinimumVisualStudioVersion = 10.0.40219.1
Project("{FAE04EC0-301F-11D3-BF4B-00C04F79EFBC}") = "AutoFillMCM", "AutoFillMCM\AutoFillMCM.csproj", "{95F0EDA5-31C5-486E-AEB7-69EFF1BD836E}"
EndProject
Global
	GlobalSection(SolutionConfigurationPlatforms) = preSolution
		Debug|Any CPU = Debug|Any CPU
		Release|Any CPU = Release|Any CPU
	EndGlobalSection
	GlobalSection(ProjectConfigurationPlatforms) = postSolution
		{95F0EDA5-31C5-486E-AEB7-69EFF1BD836E}.Debug|Any CPU.ActiveCfg = Debug|Any CPU
		{95F0EDA5-31C5-486E-AEB7-69EFF1BD836E}.Debug|Any CPU.Build.0 = Debug|Any CPU
		{95F0EDA5-31C5-486E-AEB7-69EFF1BD836E}.Release|Any CPU.ActiveCfg = Release|Any CPU
		{95F0EDA5-31C5-486E-AEB7-69EFF1BD836E}.Release|Any CPU.Build.0 = Release|Any CPU
	EndGlobalSection
	GlobalSection(SolutionProperties) = preSolution
		HideSolutionNode = FALSE
	EndGlobalSection
EndGlobal
